
Microsoft Visual Studio Solution File, Format Version 12.00
# Visual Studio Version 16
VisualStudioVersion = 16.0.30011.22
MinimumVisualStudioVersion = 10.0.40219.1
Project("{FAE04EC0-301F-11D3-BF4B-00C04F79EFBC}") = "Project Assignment", "Project Assignment\Project Assignment.csproj", "{F186C458-E073-48B7-875D-EF4479D12C4C}"
EndProject
Global
	GlobalSection(SolutionConfigurationPlatforms) = preSolution
		Debug|Any CPU = Debug|Any CPU
		Release|Any CPU = Release|Any CPU
	EndGlobalSection
	GlobalSection(ProjectConfigurationPlatforms) = postSolution
		{F186C458-E073-48B7-875D-EF4479D12C4C}.Debug|Any CPU.ActiveCfg = Debug|Any CPU
		{F186C458-E073-48B7-875D-EF4479D12C4C}.Debug|Any CPU.Build.0 = Debug|Any CPU
		{F186C458-E073-48B7-875D-EF4479D12C4C}.Release|Any CPU.ActiveCfg = Release|Any CPU
		{F186C458-E073-48B7-875D-EF4479D12C4C}.Release|Any CPU.Build.0 = Release|Any CPU
	EndGlobalSection
	GlobalSection(SolutionProperties) = preSolution
		HideSolutionNode = FALSE
	EndGlobalSection
	GlobalSection(ExtensibilityGlobals) = postSolution
		SolutionGuid = {2273A898-224E-4545-8E4D-F0FA330C8A44}
	EndGlobalSection
EndGlobal
